<?xml version="1.0" encoding="utf-8"?>
<Project ToolsVersion="4.0" xmlns="http://schemas.microsoft.com/developer/msbuild/2003">
  <ItemGroup>
    <Filter Include="Source">
      <UniqueIdentifier>{67DA6AB6-F800-4c08-8B7A-83BB121AAD01}</UniqueIdentifier>
      <Extensions>rc;ico;cur;bmp;dlg;rc2;rct;bin;rgs;gif;jpg;jpeg;jpe;resx;tiff;tif;png;wav;mfcribbon-ms</Extensions>
    </Filter>
    <Filter Include="Source\Audio">
      <UniqueIdentifier>{b67bf391-8dfa-4330-9671-0308613e2baa}</UniqueIdentifier>
    </Filter>
    <Filter Include="Source\Rendering">
      <UniqueIdentifier>{b35f0ea0-3f3e-471b-b81a-4604656b6d64}</UniqueIdentifier>
    </Filter>
    <Filter Include="Source\Rendering\Framework">
      <UniqueIdentifier>{6cc6bfc7-626e-49d7-887f-62f909ec4308}</UniqueIdentifier>
    </Filter>
    <Filter Include="Source\precompile">
      <UniqueIdentifier>{baed53c7-a93b-4394-9486-2507b0add59d}</UniqueIdentifier>
    </Filter>
    <Filter Include="Source\precompile\Compilerconfig">
      <UniqueIdentifier>{4ef7e809-c945-4a65-823c-7ebcfe5e23c0}</UniqueIdentifier>
    </Filter>
    <Filter Include="Source\Utility">
      <UniqueIdentifier>{459ff56b-b940-49fa-afb3-988e24c22ed2}</UniqueIdentifier>
    </Filter>
    <Filter Include="Source\Rendering\Fonts">
      <UniqueIdentifier>{d11c7819-b1e6-4674-a11f-326be9116f65}</UniqueIdentifier>
    </Filter>
    <Filter Include="Source\Audio\Helper">
      <UniqueIdentifier>{0601bd73-7285-4f34-a882-ccb1e1dad592}</UniqueIdentifier>
    </Filter>
    <Filter Include="Source\Interface">
      <UniqueIdentifier>{f73fd4e4-6ecf-41dd-b498-a153598b2eab}</UniqueIdentifier>
    </Filter>
    <Filter Include="Source\Interface\Elements">
      <UniqueIdentifier>{b359210a-7900-41ee-bd18-67b373317428}</UniqueIdentifier>
    </Filter>
    <Filter Include="Source\Interface\Helper">
      <UniqueIdentifier>{045c342b-745b-4a19-8482-36a6816f857d}</UniqueIdentifier>
    </Filter>
    <Filter Include="Source\Configuration">
      <UniqueIdentifier>{35be8183-52b7-4aac-baeb-70a9ee670f54}</UniqueIdentifier>
    </Filter>
  </ItemGroup>
  <ItemGroup>
    <ClCompile Include="Source\Audio\AudioDeviceUtils.cpp">
      <Filter>Source\Audio</Filter>
    </ClCompile>
    <ClCompile Include="Source\Main.cpp">
      <Filter>Source</Filter>
    </ClCompile>
    <ClCompile Include="Source\Rendering\Rendering.cpp">
      <Filter>Source\Rendering</Filter>
    </ClCompile>
    <ClCompile Include="Source\Common.cpp">
      <Filter>Source\precompile</Filter>
    </ClCompile>
    <ClCompile Include="Source\ImGui\imgui.cpp">
      <Filter>Source\Rendering\Framework</Filter>
    </ClCompile>
    <ClCompile Include="Source\ImGui\imgui_demo.cpp">
      <Filter>Source\Rendering\Framework</Filter>
    </ClCompile>
    <ClCompile Include="Source\ImGui\imgui_draw.cpp">
      <Filter>Source\Rendering\Framework</Filter>
    </ClCompile>
    <ClCompile Include="Source\ImGui\imgui_impl_dx11.cpp">
      <Filter>Source\Rendering\Framework</Filter>
    </ClCompile>
    <ClCompile Include="Source\ImGui\imgui_impl_win32.cpp">
      <Filter>Source\Rendering\Framework</Filter>
    </ClCompile>
    <ClCompile Include="Source\ImGui\imgui_tables.cpp">
      <Filter>Source\Rendering\Framework</Filter>
    </ClCompile>
    <ClCompile Include="Source\ImGui\imgui_widgets.cpp">
      <Filter>Source\Rendering\Framework</Filter>
    </ClCompile>
    <ClCompile Include="Source\Rendering\IconFont.cpp">
      <Filter>Source\Rendering\Fonts</Filter>
    </ClCompile>
    <ClCompile Include="Source\Interface\Interface.cpp">
      <Filter>Source\Interface</Filter>
    </ClCompile>
    <ClCompile Include="Source\Interface\Channel.cpp">
      <Filter>Source\Interface\Elements</Filter>
    </ClCompile>
    <ClCompile Include="Source\Interface\Processlist.cpp">
      <Filter>Source\Interface\Elements</Filter>
    </ClCompile>
    <ClCompile Include="Source\Interface\Sidebar.cpp">
      <Filter>Source\Interface\Elements</Filter>
    </ClCompile>
  </ItemGroup>
  <ItemGroup>
    <ClInclude Include="Source\Audio\AudioDeviceUtils.hpp">
      <Filter>Source\Audio</Filter>
    </ClInclude>
    <ClInclude Include="Source\Rendering\Rendering.hpp">
      <Filter>Source\Rendering</Filter>
    </ClInclude>
    <ClInclude Include="Source\Common.hpp">
      <Filter>Source\precompile</Filter>
    </ClInclude>
    <ClInclude Include="Source\Macros.hpp">
      <Filter>Source\precompile\Compilerconfig</Filter>
    </ClInclude>
    <ClInclude Include="Source\Configuration.hpp">
      <Filter>Source\precompile\Compilerconfig</Filter>
    </ClInclude>
    <ClInclude Include="Source\Framework.hpp">
      <Filter>Source\precompile\Compilerconfig</Filter>
    </ClInclude>
    <ClInclude Include="Source\Utility\Utility.hpp">
      <Filter>Source\Utility</Filter>
    </ClInclude>
    <ClInclude Include="Source\ImGui\imconfig.h">
      <Filter>Source\Rendering\Framework</Filter>
    </ClInclude>
    <ClInclude Include="Source\ImGui\imgui.h">
      <Filter>Source\Rendering\Framework</Filter>
    </ClInclude>
    <ClInclude Include="Source\ImGui\imgui_impl_dx11.h">
      <Filter>Source\Rendering\Framework</Filter>
    </ClInclude>
    <ClInclude Include="Source\ImGui\imgui_impl_win32.h">
      <Filter>Source\Rendering\Framework</Filter>
    </ClInclude>
    <ClInclude Include="Source\ImGui\imgui_internal.h">
      <Filter>Source\Rendering\Framework</Filter>
    </ClInclude>
    <ClInclude Include="Source\ImGui\imstb_rectpack.h">
      <Filter>Source\Rendering\Framework</Filter>
    </ClInclude>
    <ClInclude Include="Source\ImGui\imstb_textedit.h">
      <Filter>Source\Rendering\Framework</Filter>
    </ClInclude>
    <ClInclude Include="Source\ImGui\imstb_truetype.h">
      <Filter>Source\Rendering\Framework</Filter>
    </ClInclude>
    <ClInclude Include="Source\Rendering\Fonts.hpp">
      <Filter>Source\Rendering\Fonts</Filter>
    </ClInclude>
    <ClInclude Include="Source\Audio\SessionHelper.hpp">
      <Filter>Source\Audio\Helper</Filter>
    </ClInclude>
    <ClInclude Include="Source\Audio\ControlHelper.hpp">
      <Filter>Source\Audio\Helper</Filter>
    </ClInclude>
    <ClInclude Include="Source\Interface\Interface.hpp">
      <Filter>Source\Interface</Filter>
    </ClInclude>
    <ClInclude Include="Source\Interface\ChannelHelper.hpp">
      <Filter>Source\Interface\Helper</Filter>
    </ClInclude>
    <ClInclude Include="Source\Interface\SidebarHelper.hpp">
      <Filter>Source\Interface\Helper</Filter>
    </ClInclude>
    <ClInclude Include="Source\Config\Configuration.hpp">
      <Filter>Source\Configuration</Filter>
    </ClInclude>
  </ItemGroup>
</Project>